<?xml version="1.0" encoding="utf-8"?>
<Project ToolsVersion="4.0" xmlns="http://schemas.microsoft.com/developer/msbuild/2003">
  <ItemGroup>
    <Filter Include="0. doc">
      <UniqueIdentifier>{9a750d93-0d80-4ef0-9d49-138d835e5810}</UniqueIdentifier>
    </Filter>
    <Filter Include="1. core">
      <UniqueIdentifier>{8e8527f0-69f5-4a13-9699-7394b4ec65d7}</UniqueIdentifier>
    </Filter>
    <Filter Include="2. engine">
      <UniqueIdentifier>{1362b9f1-e4b1-425f-8457-96c7221726b5}</UniqueIdentifier>
    </Filter>
    <Filter Include="3. game">
      <UniqueIdentifier>{9ecac170-171d-45db-a554-80c9cda366ac}</UniqueIdentifier>
    </Filter>
  </ItemGroup>
  <ItemGroup>
    <ClInclude Include="source\Pch.h" />
    <ClInclude Include="source\game\Item.h">
      <Filter>3. game</Filter>
    </ClInclude>
    <ClInclude Include="source\game\Unit.h">
      <Filter>3. game</Filter>
    </ClInclude>
    <ClInclude Include="source\core\Logger.h">
      <Filter>1. core</Filter>
    </ClInclude>
    <ClInclude Include="source\engine\Window.h">
      <Filter>2. engine</Filter>
    </ClInclude>
    <ClInclude Include="source\engine\Engine.h">
      <Filter>2. engine</Filter>
    </ClInclude>
    <ClInclude Include="source\game\Game.h">
      <Filter>3. game</Filter>
    </ClInclude>
    <ClInclude Include="source\core\Config.h">
      <Filter>1. core</Filter>
    </ClInclude>
    <ClInclude Include="source\core\Core.h">
      <Filter>1. core</Filter>
    </ClInclude>
    <ClInclude Include="source\core\FastFunc.h">
      <Filter>1. core</Filter>
    </ClInclude>
    <ClInclude Include="source\core\Tokenizer.h">
      <Filter>1. core</Filter>
    </ClInclude>
    <ClInclude Include="source\core\Containers.h">
      <Filter>1. core</Filter>
    </ClInclude>
    <ClInclude Include="source\core\Timer.h">
      <Filter>1. core</Filter>
    </ClInclude>
    <ClInclude Include="source\core\Text.h">
      <Filter>1. core</Filter>
    </ClInclude>
    <ClInclude Include="source\core\CoreMath.h">
      <Filter>1. core</Filter>
    </ClInclude>
    <ClInclude Include="source\engine\Render.h">
      <Filter>2. engine</Filter>
    </ClInclude>
    <ClInclude Include="source\core\WindowsIncl.h">
      <Filter>1. core</Filter>
    </ClInclude>
    <ClInclude Include="source\core\File.h">
      <Filter>1. core</Filter>
    </ClInclude>
    <ClInclude Include="source\engine\Scene.h">
      <Filter>2. engine</Filter>
    </ClInclude>
    <ClInclude Include="source\engine\SceneNode.h">
      <Filter>2. engine</Filter>
    </ClInclude>
    <ClInclude Include="source\engine\Version.h">
      <Filter>3. game</Filter>
    </ClInclude>
    <ClInclude Include="source\engine\GameHandler.h">
      <Filter>2. engine</Filter>
    </ClInclude>
    <ClInclude Include="source\game\UnitData.h">
      <Filter>3. game</Filter>
    </ClInclude>
    <ClInclude Include="source\engine\Input.h">
      <Filter>2. engine</Filter>
    </ClInclude>
    <ClInclude Include="source\engine\Key.h">
      <Filter>2. engine</Filter>
    </ClInclude>
    <ClInclude Include="source\core\ForwardInternal.h">
      <Filter>1. core</Filter>
    </ClInclude>
    <ClInclude Include="source\game\Server.h">
      <Filter>3. game</Filter>
    </ClInclude>
    <ClInclude Include="source\game\GameLoader.h">
      <Filter>3. game</Filter>
    </ClInclude>
    <ClInclude Include="source\engine\Mesh.h">
      <Filter>2. engine</Filter>
    </ClInclude>
    <ClInclude Include="source\engine\ResourceManager.h">
      <Filter>2. engine</Filter>
    </ClInclude>
    <ClInclude Include="source\engine\Resource.h">
      <Filter>2. engine</Filter>
    </ClInclude>
    <ClInclude Include="source\engine\Texture.h">
      <Filter>2. engine</Filter>
    </ClInclude>
    <ClInclude Include="source\engine\VertexDeclaration.h">
      <Filter>2. engine</Filter>
    </ClInclude>
    <ClInclude Include="source\core\DirectXIncl.h">
      <Filter>1. core</Filter>
    </ClInclude>
    <ClInclude Include="source\engine\Color.h">
      <Filter>2. engine</Filter>
    </ClInclude>
    <ClInclude Include="source\engine\MeshInstance.h">
      <Filter>2. engine</Filter>
    </ClInclude>
    <ClInclude Include="source\engine\Camera.h">
      <Filter>2. engine</Filter>
    </ClInclude>
    <ClInclude Include="source\game\NetMessages.h">
      <Filter>3. game</Filter>
    </ClInclude>
    <ClInclude Include="source\core\Crc.h">
      <Filter>1. core</Filter>
    </ClInclude>
    <ClInclude Include="source\core\Algorithm.h">
      <Filter>1. core</Filter>
    </ClInclude>
    <ClInclude Include="source\game\Ai.h">
      <Filter>3. game</Filter>
    </ClInclude>
    <ClInclude Include="source\game\NpcAi.h">
      <Filter>3. game</Filter>
    </ClInclude>
    <ClInclude Include="source\game\ZombieAi.h">
      <Filter>3. game</Filter>
    </ClInclude>
    <ClInclude Include="source\game\Player.h">
      <Filter>3. game</Filter>
    </ClInclude>
    <ClInclude Include="source\game\GroundItem.h">
      <Filter>3. game</Filter>
    </ClInclude>
  </ItemGroup>
  <ItemGroup>
    <ClCompile Include="source\Pch.cpp" />
    <ClCompile Include="source\Main.cpp" />
    <ClCompile Include="source\game\Item.cpp">
      <Filter>3. game</Filter>
    </ClCompile>
    <ClCompile Include="source\core\Logger.cpp">
      <Filter>1. core</Filter>
    </ClCompile>
    <ClCompile Include="source\game\Game.cpp">
      <Filter>3. game</Filter>
    </ClCompile>
    <ClCompile Include="source\core\Config.cpp">
      <Filter>1. core</Filter>
    </ClCompile>
    <ClCompile Include="source\core\Tokenizer.cpp">
      <Filter>1. core</Filter>
    </ClCompile>
    <ClCompile Include="source\core\Timer.cpp">
      <Filter>1. core</Filter>
    </ClCompile>
    <ClCompile Include="source\core\Text.cpp">
      <Filter>1. core</Filter>
    </ClCompile>
    <ClCompile Include="source\engine\Engine.cpp">
      <Filter>2. engine</Filter>
    </ClCompile>
    <ClCompile Include="source\engine\Window.cpp">
      <Filter>2. engine</Filter>
    </ClCompile>
    <ClCompile Include="source\game\UnitData.cpp">
      <Filter>3. game</Filter>
    </ClCompile>
    <ClCompile Include="source\engine\Render.cpp">
      <Filter>2. engine</Filter>
    </ClCompile>
    <ClCompile Include="source\engine\Scene.cpp">
      <Filter>2. engine</Filter>
    </ClCompile>
    <ClCompile Include="source\core\File.cpp">
      <Filter>1. core</Filter>
    </ClCompile>
    <ClCompile Include="source\core\Containers.cpp">
      <Filter>1. core</Filter>
    </ClCompile>
    <ClCompile Include="source\engine\Input.cpp">
      <Filter>2. engine</Filter>
    </ClCompile>
    <ClCompile Include="source\game\GameLoader.cpp">
      <Filter>3. game</Filter>
    </ClCompile>
    <ClCompile Include="source\engine\ResourceManager.cpp">
      <Filter>2. engine</Filter>
    </ClCompile>
    <ClCompile Include="source\engine\Mesh.cpp">
      <Filter>2. engine</Filter>
    </ClCompile>
    <ClCompile Include="source\core\CoreMath.cpp">
      <Filter>1. core</Filter>
    </ClCompile>
    <ClCompile Include="source\engine\Camera.cpp">
      <Filter>2. engine</Filter>
    </ClCompile>
    <ClCompile Include="source\game\Server.cpp">
      <Filter>3. game</Filter>
    </ClCompile>
    <ClCompile Include="source\core\Crc.cpp">
      <Filter>1. core</Filter>
    </ClCompile>
    <ClCompile Include="source\game\Player.cpp">
      <Filter>3. game</Filter>
    </ClCompile>
    <ClCompile Include="source\game\Unit.cpp">
      <Filter>3. game</Filter>
    </ClCompile>
  </ItemGroup>
  <ItemGroup>
    <Text Include="doc\layout.txt">
      <Filter>0. doc</Filter>
    </Text>
  </ItemGroup>
</Project>